
Microsoft Visual Studio Solution File, Format Version 12.00
# Visual Studio Version 17
VisualStudioVersion = 17.11.35208.52
MinimumVisualStudioVersion = 10.0.40219.1
Project("{9A19103F-16F7-4668-BE54-9A1E7A4F7556}") = "Identifii.WebApi", "IdentifiiWebForum\Identifii.WebApi.csproj", "{1FD6C0F5-20D1-46EC-88E3-F62283339C11}"
EndProject
Project("{9A19103F-16F7-4668-BE54-9A1E7A4F7556}") = "Identifii.ForumDBContext", "ForumDBContext\Identifii.ForumDBContext.csproj", "{7A68526B-DB2D-4FD2-933D-24DDDDFD310B}"
EndProject
Project("{FAE04EC0-301F-11D3-BF4B-00C04F79EFBC}") = "Identifii.WebUi", "Identifii.WebUi\Identifii.WebUi.csproj", "{EBD3180A-37BA-40C1-93CA-C441E8A8959F}"
EndProject
Global
	GlobalSection(SolutionConfigurationPlatforms) = preSolution
		Debug|Any CPU = Debug|Any CPU
		Release|Any CPU = Release|Any CPU
	EndGlobalSection
	GlobalSection(ProjectConfigurationPlatforms) = postSolution
		{1FD6C0F5-20D1-46EC-88E3-F62283339C11}.Debug|Any CPU.ActiveCfg = Debug|Any CPU
		{1FD6C0F5-20D1-46EC-88E3-F62283339C11}.Debug|Any CPU.Build.0 = Debug|Any CPU
		{1FD6C0F5-20D1-46EC-88E3-F62283339C11}.Release|Any CPU.ActiveCfg = Release|Any CPU
		{1FD6C0F5-20D1-46EC-88E3-F62283339C11}.Release|Any CPU.Build.0 = Release|Any CPU
		{7A68526B-DB2D-4FD2-933D-24DDDDFD310B}.Debug|Any CPU.ActiveCfg = Debug|Any CPU
		{7A68526B-DB2D-4FD2-933D-24DDDDFD310B}.Debug|Any CPU.Build.0 = Debug|Any CPU
		{7A68526B-DB2D-4FD2-933D-24DDDDFD310B}.Release|Any CPU.ActiveCfg = Release|Any CPU
		{7A68526B-DB2D-4FD2-933D-24DDDDFD310B}.Release|Any CPU.Build.0 = Release|Any CPU
		{EBD3180A-37BA-40C1-93CA-C441E8A8959F}.Debug|Any CPU.ActiveCfg = Debug|Any CPU
		{EBD3180A-37BA-40C1-93CA-C441E8A8959F}.Debug|Any CPU.Build.0 = Debug|Any CPU
		{EBD3180A-37BA-40C1-93CA-C441E8A8959F}.Release|Any CPU.ActiveCfg = Release|Any CPU
		{EBD3180A-37BA-40C1-93CA-C441E8A8959F}.Release|Any CPU.Build.0 = Release|Any CPU
	EndGlobalSection
	GlobalSection(SolutionProperties) = preSolution
		HideSolutionNode = FALSE
	EndGlobalSection
	GlobalSection(ExtensibilityGlobals) = postSolution
		SolutionGuid = {D68B9393-2DFE-4324-B713-3928D7698535}
	EndGlobalSection
EndGlobal
